// !$*UTF8*$!
{
	archiveVersion = 1;
	classes = {
	};
	objectVersion = 54;
	objects = {

/* Begin PBXBuildFile section */
		2811C3AE2644259A0007CA40 /* YumemiWeather in Frameworks */ = {isa = PBXBuildFile; productRef = 2811C3AD2644259A0007CA40 /* YumemiWeather */; };
		28ACA706263FC4730068F46A /* AppDelegate.swift in Sources */ = {isa = PBXBuildFile; fileRef = 28ACA705263FC4730068F46A /* AppDelegate.swift */; };
		28ACA708263FC4730068F46A /* SceneDelegate.swift in Sources */ = {isa = PBXBuildFile; fileRef = 28ACA707263FC4730068F46A /* SceneDelegate.swift */; };
		28ACA70A263FC4730068F46A /* ViewController.swift in Sources */ = {isa = PBXBuildFile; fileRef = 28ACA709263FC4730068F46A /* ViewController.swift */; };
		28ACA70D263FC4730068F46A /* Main.storyboard in Resources */ = {isa = PBXBuildFile; fileRef = 28ACA70B263FC4730068F46A /* Main.storyboard */; };
		28ACA70F263FC4740068F46A /* Assets.xcassets in Resources */ = {isa = PBXBuildFile; fileRef = 28ACA70E263FC4740068F46A /* Assets.xcassets */; };
		28ACA712263FC4740068F46A /* LaunchScreen.storyboard in Resources */ = {isa = PBXBuildFile; fileRef = 28ACA710263FC4740068F46A /* LaunchScreen.storyboard */; };
		28ACA71D263FC4750068F46A /* StoryBoardTrainingTests.swift in Sources */ = {isa = PBXBuildFile; fileRef = 28ACA71C263FC4750068F46A /* StoryBoardTrainingTests.swift */; };
		28ACA728263FC4750068F46A /* StoryBoardTrainingUITests.swift in Sources */ = {isa = PBXBuildFile; fileRef = 28ACA727263FC4750068F46A /* StoryBoardTrainingUITests.swift */; };
		28F56D7A2640E7A70051F393 /* SecondViewController.swift in Sources */ = {isa = PBXBuildFile; fileRef = 28F56D792640E7A70051F393 /* SecondViewController.swift */; };
		28F56D7C264165F40051F393 /* ThirdViewController.swift in Sources */ = {isa = PBXBuildFile; fileRef = 28F56D7B264165F40051F393 /* ThirdViewController.swift */; };
		30727CCB4A12EFADAD3C2CCA /* Pods_StoryBoardTraining_StoryBoardTrainingUITests.framework in Frameworks */ = {isa = PBXBuildFile; fileRef = BA6BFE51CFD760CF4BADD35F /* Pods_StoryBoardTraining_StoryBoardTrainingUITests.framework */; };
		538AC399A497FCA56FFE35E4 /* Pods_StoryBoardTraining.framework in Frameworks */ = {isa = PBXBuildFile; fileRef = 78DC8591E7E290A6E3BE07D8 /* Pods_StoryBoardTraining.framework */; };
		887772CE5082FEA944FE795D /* Pods_StoryBoardTrainingTests.framework in Frameworks */ = {isa = PBXBuildFile; fileRef = 24AF7AA858E86227BC3B0715 /* Pods_StoryBoardTrainingTests.framework */; };
/* End PBXBuildFile section */

/* Begin PBXContainerItemProxy section */
		28ACA719263FC4750068F46A /* PBXContainerItemProxy */ = {
			isa = PBXContainerItemProxy;
			containerPortal = 28ACA6FA263FC4730068F46A /* Project object */;
			proxyType = 1;
			remoteGlobalIDString = 28ACA701263FC4730068F46A;
			remoteInfo = StoryBoardTraining;
		};
		28ACA724263FC4750068F46A /* PBXContainerItemProxy */ = {
			isa = PBXContainerItemProxy;
			containerPortal = 28ACA6FA263FC4730068F46A /* Project object */;
			proxyType = 1;
			remoteGlobalIDString = 28ACA701263FC4730068F46A;
			remoteInfo = StoryBoardTraining;
		};
/* End PBXContainerItemProxy section */

/* Begin PBXFileReference section */
		24AF7AA858E86227BC3B0715 /* Pods_StoryBoardTrainingTests.framework */ = {isa = PBXFileReference; explicitFileType = wrapper.framework; includeInIndex = 0; path = Pods_StoryBoardTrainingTests.framework; sourceTree = BUILT_PRODUCTS_DIR; };
		28ACA702263FC4730068F46A /* StoryBoardTraining.app */ = {isa = PBXFileReference; explicitFileType = wrapper.application; includeInIndex = 0; path = StoryBoardTraining.app; sourceTree = BUILT_PRODUCTS_DIR; };
		28ACA705263FC4730068F46A /* AppDelegate.swift */ = {isa = PBXFileReference; lastKnownFileType = sourcecode.swift; path = AppDelegate.swift; sourceTree = "<group>"; };
		28ACA707263FC4730068F46A /* SceneDelegate.swift */ = {isa = PBXFileReference; lastKnownFileType = sourcecode.swift; path = SceneDelegate.swift; sourceTree = "<group>"; };
		28ACA709263FC4730068F46A /* ViewController.swift */ = {isa = PBXFileReference; lastKnownFileType = sourcecode.swift; path = ViewController.swift; sourceTree = "<group>"; };
		28ACA70C263FC4730068F46A /* Base */ = {isa = PBXFileReference; lastKnownFileType = file.storyboard; name = Base; path = Base.lproj/Main.storyboard; sourceTree = "<group>"; };
		28ACA70E263FC4740068F46A /* Assets.xcassets */ = {isa = PBXFileReference; lastKnownFileType = folder.assetcatalog; path = Assets.xcassets; sourceTree = "<group>"; };
		28ACA711263FC4740068F46A /* Base */ = {isa = PBXFileReference; lastKnownFileType = file.storyboard; name = Base; path = Base.lproj/LaunchScreen.storyboard; sourceTree = "<group>"; };
		28ACA713263FC4740068F46A /* Info.plist */ = {isa = PBXFileReference; lastKnownFileType = text.plist.xml; path = Info.plist; sourceTree = "<group>"; };
		28ACA718263FC4750068F46A /* StoryBoardTrainingTests.xctest */ = {isa = PBXFileReference; explicitFileType = wrapper.cfbundle; includeInIndex = 0; path = StoryBoardTrainingTests.xctest; sourceTree = BUILT_PRODUCTS_DIR; };
		28ACA71C263FC4750068F46A /* StoryBoardTrainingTests.swift */ = {isa = PBXFileReference; lastKnownFileType = sourcecode.swift; path = StoryBoardTrainingTests.swift; sourceTree = "<group>"; };
		28ACA71E263FC4750068F46A /* Info.plist */ = {isa = PBXFileReference; lastKnownFileType = text.plist.xml; path = Info.plist; sourceTree = "<group>"; };
		28ACA723263FC4750068F46A /* StoryBoardTrainingUITests.xctest */ = {isa = PBXFileReference; explicitFileType = wrapper.cfbundle; includeInIndex = 0; path = StoryBoardTrainingUITests.xctest; sourceTree = BUILT_PRODUCTS_DIR; };
		28ACA727263FC4750068F46A /* StoryBoardTrainingUITests.swift */ = {isa = PBXFileReference; lastKnownFileType = sourcecode.swift; path = StoryBoardTrainingUITests.swift; sourceTree = "<group>"; };
		28ACA729263FC4750068F46A /* Info.plist */ = {isa = PBXFileReference; lastKnownFileType = text.plist.xml; path = Info.plist; sourceTree = "<group>"; };
		28F56D792640E7A70051F393 /* SecondViewController.swift */ = {isa = PBXFileReference; lastKnownFileType = sourcecode.swift; path = SecondViewController.swift; sourceTree = "<group>"; };
		28F56D7B264165F40051F393 /* ThirdViewController.swift */ = {isa = PBXFileReference; lastKnownFileType = sourcecode.swift; path = ThirdViewController.swift; sourceTree = "<group>"; };
		389DC66F6FCAEC5C9A5BD50A /* Pods-StoryBoardTraining.debug.xcconfig */ = {isa = PBXFileReference; includeInIndex = 1; lastKnownFileType = text.xcconfig; name = "Pods-StoryBoardTraining.debug.xcconfig"; path = "Target Support Files/Pods-StoryBoardTraining/Pods-StoryBoardTraining.debug.xcconfig"; sourceTree = "<group>"; };
		55BF444BAC4F5218C0223294 /* Pods-StoryBoardTraining-StoryBoardTrainingUITests.release.xcconfig */ = {isa = PBXFileReference; includeInIndex = 1; lastKnownFileType = text.xcconfig; name = "Pods-StoryBoardTraining-StoryBoardTrainingUITests.release.xcconfig"; path = "Target Support Files/Pods-StoryBoardTraining-StoryBoardTrainingUITests/Pods-StoryBoardTraining-StoryBoardTrainingUITests.release.xcconfig"; sourceTree = "<group>"; };
		65273438BAF05CCD022E9146 /* Pods-StoryBoardTrainingTests.debug.xcconfig */ = {isa = PBXFileReference; includeInIndex = 1; lastKnownFileType = text.xcconfig; name = "Pods-StoryBoardTrainingTests.debug.xcconfig"; path = "Target Support Files/Pods-StoryBoardTrainingTests/Pods-StoryBoardTrainingTests.debug.xcconfig"; sourceTree = "<group>"; };
		78DC8591E7E290A6E3BE07D8 /* Pods_StoryBoardTraining.framework */ = {isa = PBXFileReference; explicitFileType = wrapper.framework; includeInIndex = 0; path = Pods_StoryBoardTraining.framework; sourceTree = BUILT_PRODUCTS_DIR; };
		940C55FF7FFDC0F16DADC545 /* Pods-StoryBoardTraining-StoryBoardTrainingUITests.debug.xcconfig */ = {isa = PBXFileReference; includeInIndex = 1; lastKnownFileType = text.xcconfig; name = "Pods-StoryBoardTraining-StoryBoardTrainingUITests.debug.xcconfig"; path = "Target Support Files/Pods-StoryBoardTraining-StoryBoardTrainingUITests/Pods-StoryBoardTraining-StoryBoardTrainingUITests.debug.xcconfig"; sourceTree = "<group>"; };
		AACA3CA91001F4FFDE4A403C /* Pods-StoryBoardTraining.release.xcconfig */ = {isa = PBXFileReference; includeInIndex = 1; lastKnownFileType = text.xcconfig; name = "Pods-StoryBoardTraining.release.xcconfig"; path = "Target Support Files/Pods-StoryBoardTraining/Pods-StoryBoardTraining.release.xcconfig"; sourceTree = "<group>"; };
		BA6BFE51CFD760CF4BADD35F /* Pods_StoryBoardTraining_StoryBoardTrainingUITests.framework */ = {isa = PBXFileReference; explicitFileType = wrapper.framework; includeInIndex = 0; path = Pods_StoryBoardTraining_StoryBoardTrainingUITests.framework; sourceTree = BUILT_PRODUCTS_DIR; };
		E34FD68DB30202BADF146CA7 /* Pods-StoryBoardTrainingTests.release.xcconfig */ = {isa = PBXFileReference; includeInIndex = 1; lastKnownFileType = text.xcconfig; name = "Pods-StoryBoardTrainingTests.release.xcconfig"; path = "Target Support Files/Pods-StoryBoardTrainingTests/Pods-StoryBoardTrainingTests.release.xcconfig"; sourceTree = "<group>"; };
/* End PBXFileReference section */

/* Begin PBXFrameworksBuildPhase section */
		28ACA6FF263FC4730068F46A /* Frameworks */ = {
			isa = PBXFrameworksBuildPhase;
			buildActionMask = 2147483647;
			files = (
				538AC399A497FCA56FFE35E4 /* Pods_StoryBoardTraining.framework in Frameworks */,
				2811C3AE2644259A0007CA40 /* YumemiWeather in Frameworks */,
			);
			runOnlyForDeploymentPostprocessing = 0;
		};
		28ACA715263FC4750068F46A /* Frameworks */ = {
			isa = PBXFrameworksBuildPhase;
			buildActionMask = 2147483647;
			files = (
				887772CE5082FEA944FE795D /* Pods_StoryBoardTrainingTests.framework in Frameworks */,
			);
			runOnlyForDeploymentPostprocessing = 0;
		};
		28ACA720263FC4750068F46A /* Frameworks */ = {
			isa = PBXFrameworksBuildPhase;
			buildActionMask = 2147483647;
			files = (
				30727CCB4A12EFADAD3C2CCA /* Pods_StoryBoardTraining_StoryBoardTrainingUITests.framework in Frameworks */,
			);
			runOnlyForDeploymentPostprocessing = 0;
		};
/* End PBXFrameworksBuildPhase section */

/* Begin PBXGroup section */
		28ACA6F9263FC4730068F46A = {
			isa = PBXGroup;
			children = (
				28ACA704263FC4730068F46A /* StoryBoardTraining */,
				28ACA71B263FC4750068F46A /* StoryBoardTrainingTests */,
				28ACA726263FC4750068F46A /* StoryBoardTrainingUITests */,
				28ACA703263FC4730068F46A /* Products */,
				D070E50252BAFE3CCE5C659E /* Pods */,
				7F6FD1FDD8869293E69C7FFE /* Frameworks */,
			);
			sourceTree = "<group>";
		};
		28ACA703263FC4730068F46A /* Products */ = {
			isa = PBXGroup;
			children = (
				28ACA702263FC4730068F46A /* StoryBoardTraining.app */,
				28ACA718263FC4750068F46A /* StoryBoardTrainingTests.xctest */,
				28ACA723263FC4750068F46A /* StoryBoardTrainingUITests.xctest */,
			);
			name = Products;
			sourceTree = "<group>";
		};
		28ACA704263FC4730068F46A /* StoryBoardTraining */ = {
			isa = PBXGroup;
			children = (
				28ACA705263FC4730068F46A /* AppDelegate.swift */,
				28ACA707263FC4730068F46A /* SceneDelegate.swift */,
				28ACA709263FC4730068F46A /* ViewController.swift */,
				28F56D792640E7A70051F393 /* SecondViewController.swift */,
				28F56D7B264165F40051F393 /* ThirdViewController.swift */,
				28ACA70B263FC4730068F46A /* Main.storyboard */,
				28ACA70E263FC4740068F46A /* Assets.xcassets */,
				28ACA710263FC4740068F46A /* LaunchScreen.storyboard */,
				28ACA713263FC4740068F46A /* Info.plist */,
			);
			path = StoryBoardTraining;
			sourceTree = "<group>";
		};
		28ACA71B263FC4750068F46A /* StoryBoardTrainingTests */ = {
			isa = PBXGroup;
			children = (
				28ACA71C263FC4750068F46A /* StoryBoardTrainingTests.swift */,
				28ACA71E263FC4750068F46A /* Info.plist */,
			);
			path = StoryBoardTrainingTests;
			sourceTree = "<group>";
		};
		28ACA726263FC4750068F46A /* StoryBoardTrainingUITests */ = {
			isa = PBXGroup;
			children = (
				28ACA727263FC4750068F46A /* StoryBoardTrainingUITests.swift */,
				28ACA729263FC4750068F46A /* Info.plist */,
			);
			path = StoryBoardTrainingUITests;
			sourceTree = "<group>";
		};
		7F6FD1FDD8869293E69C7FFE /* Frameworks */ = {
			isa = PBXGroup;
			children = (
				78DC8591E7E290A6E3BE07D8 /* Pods_StoryBoardTraining.framework */,
				BA6BFE51CFD760CF4BADD35F /* Pods_StoryBoardTraining_StoryBoardTrainingUITests.framework */,
				24AF7AA858E86227BC3B0715 /* Pods_StoryBoardTrainingTests.framework */,
			);
			name = Frameworks;
			sourceTree = "<group>";
		};
		D070E50252BAFE3CCE5C659E /* Pods */ = {
			isa = PBXGroup;
			children = (
				389DC66F6FCAEC5C9A5BD50A /* Pods-StoryBoardTraining.debug.xcconfig */,
				AACA3CA91001F4FFDE4A403C /* Pods-StoryBoardTraining.release.xcconfig */,
				940C55FF7FFDC0F16DADC545 /* Pods-StoryBoardTraining-StoryBoardTrainingUITests.debug.xcconfig */,
				55BF444BAC4F5218C0223294 /* Pods-StoryBoardTraining-StoryBoardTrainingUITests.release.xcconfig */,
				65273438BAF05CCD022E9146 /* Pods-StoryBoardTrainingTests.debug.xcconfig */,
				E34FD68DB30202BADF146CA7 /* Pods-StoryBoardTrainingTests.release.xcconfig */,
			);
			path = Pods;
			sourceTree = "<group>";
		};
/* End PBXGroup section */

/* Begin PBXNativeTarget section */
		28ACA701263FC4730068F46A /* StoryBoardTraining */ = {
			isa = PBXNativeTarget;
			buildConfigurationList = 28ACA72C263FC4750068F46A /* Build configuration list for PBXNativeTarget "StoryBoardTraining" */;
			buildPhases = (
				B12E8372A3B0FC59712274EF /* [CP] Check Pods Manifest.lock */,
				2811C3A4264262400007CA40 /* ShellScript */,
				28ACA6FE263FC4730068F46A /* Sources */,
				28ACA6FF263FC4730068F46A /* Frameworks */,
				28ACA700263FC4730068F46A /* Resources */,
			);
			buildRules = (
			);
			dependencies = (
			);
			name = StoryBoardTraining;
			packageProductDependencies = (
				2811C3AD2644259A0007CA40 /* YumemiWeather */,
			);
			productName = StoryBoardTraining;
			productReference = 28ACA702263FC4730068F46A /* StoryBoardTraining.app */;
			productType = "com.apple.product-type.application";
		};
		28ACA717263FC4750068F46A /* StoryBoardTrainingTests */ = {
			isa = PBXNativeTarget;
			buildConfigurationList = 28ACA72F263FC4750068F46A /* Build configuration list for PBXNativeTarget "StoryBoardTrainingTests" */;
			buildPhases = (
				A02CF1BF2F427619BFD5AFF3 /* [CP] Check Pods Manifest.lock */,
				28ACA714263FC4750068F46A /* Sources */,
				28ACA715263FC4750068F46A /* Frameworks */,
				28ACA716263FC4750068F46A /* Resources */,
			);
			buildRules = (
			);
			dependencies = (
				28ACA71A263FC4750068F46A /* PBXTargetDependency */,
			);
			name = StoryBoardTrainingTests;
			productName = StoryBoardTrainingTests;
			productReference = 28ACA718263FC4750068F46A /* StoryBoardTrainingTests.xctest */;
			productType = "com.apple.product-type.bundle.unit-test";
		};
		28ACA722263FC4750068F46A /* StoryBoardTrainingUITests */ = {
			isa = PBXNativeTarget;
			buildConfigurationList = 28ACA732263FC4750068F46A /* Build configuration list for PBXNativeTarget "StoryBoardTrainingUITests" */;
			buildPhases = (
				3DF268BE7783F04459B36EED /* [CP] Check Pods Manifest.lock */,
				28ACA71F263FC4750068F46A /* Sources */,
				28ACA720263FC4750068F46A /* Frameworks */,
				28ACA721263FC4750068F46A /* Resources */,
			);
			buildRules = (
			);
			dependencies = (
				28ACA725263FC4750068F46A /* PBXTargetDependency */,
			);
			name = StoryBoardTrainingUITests;
			productName = StoryBoardTrainingUITests;
			productReference = 28ACA723263FC4750068F46A /* StoryBoardTrainingUITests.xctest */;
			productType = "com.apple.product-type.bundle.ui-testing";
		};
/* End PBXNativeTarget section */

/* Begin PBXProject section */
		28ACA6FA263FC4730068F46A /* Project object */ = {
			isa = PBXProject;
			attributes = {
				LastSwiftUpdateCheck = 1250;
				LastUpgradeCheck = 1250;
				TargetAttributes = {
					28ACA701263FC4730068F46A = {
						CreatedOnToolsVersion = 12.5;
					};
					28ACA717263FC4750068F46A = {
						CreatedOnToolsVersion = 12.5;
						TestTargetID = 28ACA701263FC4730068F46A;
					};
					28ACA722263FC4750068F46A = {
						CreatedOnToolsVersion = 12.5;
						TestTargetID = 28ACA701263FC4730068F46A;
					};
				};
			};
			buildConfigurationList = 28ACA6FD263FC4730068F46A /* Build configuration list for PBXProject "StoryBoardTraining" */;
			compatibilityVersion = "Xcode 9.3";
			developmentRegion = en;
			hasScannedForEncodings = 0;
			knownRegions = (
				en,
				Base,
			);
			mainGroup = 28ACA6F9263FC4730068F46A;
			packageReferences = (
				2811C3AC2644259A0007CA40 /* XCRemoteSwiftPackageReference "ios-training" */,
			);
			productRefGroup = 28ACA703263FC4730068F46A /* Products */;
			projectDirPath = "";
			projectRoot = "";
			targets = (
				28ACA701263FC4730068F46A /* StoryBoardTraining */,
				28ACA717263FC4750068F46A /* StoryBoardTrainingTests */,
				28ACA722263FC4750068F46A /* StoryBoardTrainingUITests */,
			);
		};
/* End PBXProject section */

/* Begin PBXResourcesBuildPhase section */
		28ACA700263FC4730068F46A /* Resources */ = {
			isa = PBXResourcesBuildPhase;
			buildActionMask = 2147483647;
			files = (
				28ACA712263FC4740068F46A /* LaunchScreen.storyboard in Resources */,
				28ACA70F263FC4740068F46A /* Assets.xcassets in Resources */,
				28ACA70D263FC4730068F46A /* Main.storyboard in Resources */,
			);
			runOnlyForDeploymentPostprocessing = 0;
		};
		28ACA716263FC4750068F46A /* Resources */ = {
			isa = PBXResourcesBuildPhase;
			buildActionMask = 2147483647;
			files = (
			);
			runOnlyForDeploymentPostprocessing = 0;
		};
		28ACA721263FC4750068F46A /* Resources */ = {
			isa = PBXResourcesBuildPhase;
			buildActionMask = 2147483647;
			files = (
			);
			runOnlyForDeploymentPostprocessing = 0;
		};
/* End PBXResourcesBuildPhase section */

/* Begin PBXShellScriptBuildPhase section */
		2811C3A4264262400007CA40 /* ShellScript */ = {
			isa = PBXShellScriptBuildPhase;
			alwaysOutOfDate = 1;
			buildActionMask = 12;
			files = (
			);
			inputFileListPaths = (
			);
			inputPaths = (
			);
			outputFileListPaths = (
			);
			outputPaths = (
			);
			runOnlyForDeploymentPostprocessing = 0;
			shellPath = /bin/sh;
			shellScript = "\"${PODS_ROOT}/SwiftLint/swiftlint\"\n";
		};
		3DF268BE7783F04459B36EED /* [CP] Check Pods Manifest.lock */ = {
			isa = PBXShellScriptBuildPhase;
			buildActionMask = 2147483647;
			files = (
			);
			inputFileListPaths = (
			);
			inputPaths = (
				"${PODS_PODFILE_DIR_PATH}/Podfile.lock",
				"${PODS_ROOT}/Manifest.lock",
			);
			name = "[CP] Check Pods Manifest.lock";
			outputFileListPaths = (
			);
			outputPaths = (
				"$(DERIVED_FILE_DIR)/Pods-StoryBoardTraining-StoryBoardTrainingUITests-checkManifestLockResult.txt",
			);
			runOnlyForDeploymentPostprocessing = 0;
			shellPath = /bin/sh;
			shellScript = "diff \"${PODS_PODFILE_DIR_PATH}/Podfile.lock\" \"${PODS_ROOT}/Manifest.lock\" > /dev/null\nif [ $? != 0 ] ; then\n    # print error to STDERR\n    echo \"error: The sandbox is not in sync with the Podfile.lock. Run 'pod install' or update your CocoaPods installation.\" >&2\n    exit 1\nfi\n# This output is used by Xcode 'outputs' to avoid re-running this script phase.\necho \"SUCCESS\" > \"${SCRIPT_OUTPUT_FILE_0}\"\n";
			showEnvVarsInLog = 0;
		};
		A02CF1BF2F427619BFD5AFF3 /* [CP] Check Pods Manifest.lock */ = {
			isa = PBXShellScriptBuildPhase;
			buildActionMask = 2147483647;
			files = (
			);
			inputFileListPaths = (
			);
			inputPaths = (
				"${PODS_PODFILE_DIR_PATH}/Podfile.lock",
				"${PODS_ROOT}/Manifest.lock",
			);
			name = "[CP] Check Pods Manifest.lock";
			outputFileListPaths = (
			);
			outputPaths = (
				"$(DERIVED_FILE_DIR)/Pods-StoryBoardTrainingTests-checkManifestLockResult.txt",
			);
			runOnlyForDeploymentPostprocessing = 0;
			shellPath = /bin/sh;
			shellScript = "diff \"${PODS_PODFILE_DIR_PATH}/Podfile.lock\" \"${PODS_ROOT}/Manifest.lock\" > /dev/null\nif [ $? != 0 ] ; then\n    # print error to STDERR\n    echo \"error: The sandbox is not in sync with the Podfile.lock. Run 'pod install' or update your CocoaPods installation.\" >&2\n    exit 1\nfi\n# This output is used by Xcode 'outputs' to avoid re-running this script phase.\necho \"SUCCESS\" > \"${SCRIPT_OUTPUT_FILE_0}\"\n";
			showEnvVarsInLog = 0;
		};
		B12E8372A3B0FC59712274EF /* [CP] Check Pods Manifest.lock */ = {
			isa = PBXShellScriptBuildPhase;
			buildActionMask = 2147483647;
			files = (
			);
			inputFileListPaths = (
			);
			inputPaths = (
				"${PODS_PODFILE_DIR_PATH}/Podfile.lock",
				"${PODS_ROOT}/Manifest.lock",
			);
			name = "[CP] Check Pods Manifest.lock";
			outputFileListPaths = (
			);
			outputPaths = (
				"$(DERIVED_FILE_DIR)/Pods-StoryBoardTraining-checkManifestLockResult.txt",
			);
			runOnlyForDeploymentPostprocessing = 0;
			shellPath = /bin/sh;
			shellScript = "diff \"${PODS_PODFILE_DIR_PATH}/Podfile.lock\" \"${PODS_ROOT}/Manifest.lock\" > /dev/null\nif [ $? != 0 ] ; then\n    # print error to STDERR\n    echo \"error: The sandbox is not in sync with the Podfile.lock. Run 'pod install' or update your CocoaPods installation.\" >&2\n    exit 1\nfi\n# This output is used by Xcode 'outputs' to avoid re-running this script phase.\necho \"SUCCESS\" > \"${SCRIPT_OUTPUT_FILE_0}\"\n\n";
			showEnvVarsInLog = 0;
		};
/* End PBXShellScriptBuildPhase section */

/* Begin PBXSourcesBuildPhase section */
		28ACA6FE263FC4730068F46A /* Sources */ = {
			isa = PBXSourcesBuildPhase;
			buildActionMask = 2147483647;
			files = (
				28F56D7A2640E7A70051F393 /* SecondViewController.swift in Sources */,
				28ACA70A263FC4730068F46A /* ViewController.swift in Sources */,
				28F56D7C264165F40051F393 /* ThirdViewController.swift in Sources */,
				28ACA706263FC4730068F46A /* AppDelegate.swift in Sources */,
				28ACA708263FC4730068F46A /* SceneDelegate.swift in Sources */,
			);
			runOnlyForDeploymentPostprocessing = 0;
		};
		28ACA714263FC4750068F46A /* Sources */ = {
			isa = PBXSourcesBuildPhase;
			buildActionMask = 2147483647;
			files = (
				28ACA71D263FC4750068F46A /* StoryBoardTrainingTests.swift in Sources */,
			);
			runOnlyForDeploymentPostprocessing = 0;
		};
		28ACA71F263FC4750068F46A /* Sources */ = {
			isa = PBXSourcesBuildPhase;
			buildActionMask = 2147483647;
			files = (
				28ACA728263FC4750068F46A /* StoryBoardTrainingUITests.swift in Sources */,
			);
			runOnlyForDeploymentPostprocessing = 0;
		};
/* End PBXSourcesBuildPhase section */

/* Begin PBXTargetDependency section */
		28ACA71A263FC4750068F46A /* PBXTargetDependency */ = {
			isa = PBXTargetDependency;
			target = 28ACA701263FC4730068F46A /* StoryBoardTraining */;
			targetProxy = 28ACA719263FC4750068F46A /* PBXContainerItemProxy */;
		};
		28ACA725263FC4750068F46A /* PBXTargetDependency */ = {
			isa = PBXTargetDependency;
			target = 28ACA701263FC4730068F46A /* StoryBoardTraining */;
			targetProxy = 28ACA724263FC4750068F46A /* PBXContainerItemProxy */;
		};
/* End PBXTargetDependency section */

/* Begin PBXVariantGroup section */
		28ACA70B263FC4730068F46A /* Main.storyboard */ = {
			isa = PBXVariantGroup;
			children = (
				28ACA70C263FC4730068F46A /* Base */,
			);
			name = Main.storyboard;
			sourceTree = "<group>";
		};
		28ACA710263FC4740068F46A /* LaunchScreen.storyboard */ = {
			isa = PBXVariantGroup;
			children = (
				28ACA711263FC4740068F46A /* Base */,
			);
			name = LaunchScreen.storyboard;
			sourceTree = "<group>";
		};
/* End PBXVariantGroup section */

/* Begin XCBuildConfiguration section */
		28ACA72A263FC4750068F46A /* Debug */ = {
			isa = XCBuildConfiguration;
			buildSettings = {
				ALWAYS_SEARCH_USER_PATHS = NO;
				CLANG_ANALYZER_NONNULL = YES;
				CLANG_ANALYZER_NUMBER_OBJECT_CONVERSION = YES_AGGRESSIVE;
				CLANG_CXX_LANGUAGE_STANDARD = "gnu++14";
				CLANG_CXX_LIBRARY = "libc++";
				CLANG_ENABLE_MODULES = YES;
				CLANG_ENABLE_OBJC_ARC = YES;
				CLANG_ENABLE_OBJC_WEAK = YES;
				CLANG_WARN_BLOCK_CAPTURE_AUTORELEASING = YES;
				CLANG_WARN_BOOL_CONVERSION = YES;
				CLANG_WARN_COMMA = YES;
				CLANG_WARN_CONSTANT_CONVERSION = YES;
				CLANG_WARN_DEPRECATED_OBJC_IMPLEMENTATIONS = YES;
				CLANG_WARN_DIRECT_OBJC_ISA_USAGE = YES_ERROR;
				CLANG_WARN_DOCUMENTATION_COMMENTS = YES;
				CLANG_WARN_EMPTY_BODY = YES;
				CLANG_WARN_ENUM_CONVERSION = YES;
				CLANG_WARN_INFINITE_RECURSION = YES;
				CLANG_WARN_INT_CONVERSION = YES;
				CLANG_WARN_NON_LITERAL_NULL_CONVERSION = YES;
				CLANG_WARN_OBJC_IMPLICIT_RETAIN_SELF = YES;
				CLANG_WARN_OBJC_LITERAL_CONVERSION = YES;
				CLANG_WARN_OBJC_ROOT_CLASS = YES_ERROR;
				CLANG_WARN_QUOTED_INCLUDE_IN_FRAMEWORK_HEADER = YES;
				CLANG_WARN_RANGE_LOOP_ANALYSIS = YES;
				CLANG_WARN_STRICT_PROTOTYPES = YES;
				CLANG_WARN_SUSPICIOUS_MOVE = YES;
				CLANG_WARN_UNGUARDED_AVAILABILITY = YES_AGGRESSIVE;
				CLANG_WARN_UNREACHABLE_CODE = YES;
				CLANG_WARN__DUPLICATE_METHOD_MATCH = YES;
				COPY_PHASE_STRIP = NO;
				DEBUG_INFORMATION_FORMAT = dwarf;
				ENABLE_STRICT_OBJC_MSGSEND = YES;
				ENABLE_TESTABILITY = YES;
				GCC_C_LANGUAGE_STANDARD = gnu11;
				GCC_DYNAMIC_NO_PIC = NO;
				GCC_NO_COMMON_BLOCKS = YES;
				GCC_OPTIMIZATION_LEVEL = 0;
				GCC_PREPROCESSOR_DEFINITIONS = (
					"DEBUG=1",
					"$(inherited)",
				);
				GCC_WARN_64_TO_32_BIT_CONVERSION = YES;
				GCC_WARN_ABOUT_RETURN_TYPE = YES_ERROR;
				GCC_WARN_UNDECLARED_SELECTOR = YES;
				GCC_WARN_UNINITIALIZED_AUTOS = YES_AGGRESSIVE;
				GCC_WARN_UNUSED_FUNCTION = YES;
				GCC_WARN_UNUSED_VARIABLE = YES;
				IPHONEOS_DEPLOYMENT_TARGET = 14.5;
				MTL_ENABLE_DEBUG_INFO = INCLUDE_SOURCE;
				MTL_FAST_MATH = YES;
				ONLY_ACTIVE_ARCH = YES;
				SDKROOT = iphoneos;
				SWIFT_ACTIVE_COMPILATION_CONDITIONS = DEBUG;
				SWIFT_OPTIMIZATION_LEVEL = "-Onone";
			};
			name = Debug;
		};
		28ACA72B263FC4750068F46A /* Release */ = {
			isa = XCBuildConfiguration;
			buildSettings = {
				ALWAYS_SEARCH_USER_PATHS = NO;
				CLANG_ANALYZER_NONNULL = YES;
				CLANG_ANALYZER_NUMBER_OBJECT_CONVERSION = YES_AGGRESSIVE;
				CLANG_CXX_LANGUAGE_STANDARD = "gnu++14";
				CLANG_CXX_LIBRARY = "libc++";
				CLANG_ENABLE_MODULES = YES;
				CLANG_ENABLE_OBJC_ARC = YES;
				CLANG_ENABLE_OBJC_WEAK = YES;
				CLANG_WARN_BLOCK_CAPTURE_AUTORELEASING = YES;
				CLANG_WARN_BOOL_CONVERSION = YES;
				CLANG_WARN_COMMA = YES;
				CLANG_WARN_CONSTANT_CONVERSION = YES;
				CLANG_WARN_DEPRECATED_OBJC_IMPLEMENTATIONS = YES;
				CLANG_WARN_DIRECT_OBJC_ISA_USAGE = YES_ERROR;
				CLANG_WARN_DOCUMENTATION_COMMENTS = YES;
				CLANG_WARN_EMPTY_BODY = YES;
				CLANG_WARN_ENUM_CONVERSION = YES;
				CLANG_WARN_INFINITE_RECURSION = YES;
				CLANG_WARN_INT_CONVERSION = YES;
				CLANG_WARN_NON_LITERAL_NULL_CONVERSION = YES;
				CLANG_WARN_OBJC_IMPLICIT_RETAIN_SELF = YES;
				CLANG_WARN_OBJC_LITERAL_CONVERSION = YES;
				CLANG_WARN_OBJC_ROOT_CLASS = YES_ERROR;
				CLANG_WARN_QUOTED_INCLUDE_IN_FRAMEWORK_HEADER = YES;
				CLANG_WARN_RANGE_LOOP_ANALYSIS = YES;
				CLANG_WARN_STRICT_PROTOTYPES = YES;
				CLANG_WARN_SUSPICIOUS_MOVE = YES;
				CLANG_WARN_UNGUARDED_AVAILABILITY = YES_AGGRESSIVE;
				CLANG_WARN_UNREACHABLE_CODE = YES;
				CLANG_WARN__DUPLICATE_METHOD_MATCH = YES;
				COPY_PHASE_STRIP = NO;
				DEBUG_INFORMATION_FORMAT = "dwarf-with-dsym";
				ENABLE_NS_ASSERTIONS = NO;
				ENABLE_STRICT_OBJC_MSGSEND = YES;
				GCC_C_LANGUAGE_STANDARD = gnu11;
				GCC_NO_COMMON_BLOCKS = YES;
				GCC_WARN_64_TO_32_BIT_CONVERSION = YES;
				GCC_WARN_ABOUT_RETURN_TYPE = YES_ERROR;
				GCC_WARN_UNDECLARED_SELECTOR = YES;
				GCC_WARN_UNINITIALIZED_AUTOS = YES_AGGRESSIVE;
				GCC_WARN_UNUSED_FUNCTION = YES;
				GCC_WARN_UNUSED_VARIABLE = YES;
				IPHONEOS_DEPLOYMENT_TARGET = 14.5;
				MTL_ENABLE_DEBUG_INFO = NO;
				MTL_FAST_MATH = YES;
				SDKROOT = iphoneos;
				SWIFT_COMPILATION_MODE = wholemodule;
				SWIFT_OPTIMIZATION_LEVEL = "-O";
				VALIDATE_PRODUCT = YES;
			};
			name = Release;
		};
		28ACA72D263FC4750068F46A /* Debug */ = {
			isa = XCBuildConfiguration;
			baseConfigurationReference = 389DC66F6FCAEC5C9A5BD50A /* Pods-StoryBoardTraining.debug.xcconfig */;
			buildSettings = {
				ASSETCATALOG_COMPILER_APPICON_NAME = AppIcon;
				ASSETCATALOG_COMPILER_GLOBAL_ACCENT_COLOR_NAME = AccentColor;
				CODE_SIGN_STYLE = Automatic;
				DEVELOPMENT_TEAM = NKLMM8NS64;
				INFOPLIST_FILE = StoryBoardTraining/Info.plist;
				LD_RUNPATH_SEARCH_PATHS = (
					"$(inherited)",
					"@executable_path/Frameworks",
				);
				PRODUCT_BUNDLE_IDENTIFIER = com.gmail.yu.j.0513.StoryBoardTraining;
				PRODUCT_NAME = "$(TARGET_NAME)";
				SWIFT_VERSION = 5.0;
				TARGETED_DEVICE_FAMILY = "1,2";
			};
			name = Debug;
		};
		28ACA72E263FC4750068F46A /* Release */ = {
			isa = XCBuildConfiguration;
			baseConfigurationReference = AACA3CA91001F4FFDE4A403C /* Pods-StoryBoardTraining.release.xcconfig */;
			buildSettings = {
				ASSETCATALOG_COMPILER_APPICON_NAME = AppIcon;
				ASSETCATALOG_COMPILER_GLOBAL_ACCENT_COLOR_NAME = AccentColor;
				CODE_SIGN_STYLE = Automatic;
				DEVELOPMENT_TEAM = NKLMM8NS64;
				INFOPLIST_FILE = StoryBoardTraining/Info.plist;
				LD_RUNPATH_SEARCH_PATHS = (
					"$(inherited)",
					"@executable_path/Frameworks",
				);
				PRODUCT_BUNDLE_IDENTIFIER = com.gmail.yu.j.0513.StoryBoardTraining;
				PRODUCT_NAME = "$(TARGET_NAME)";
				SWIFT_VERSION = 5.0;
				TARGETED_DEVICE_FAMILY = "1,2";
			};
			name = Release;
		};
		28ACA730263FC4750068F46A /* Debug */ = {
			isa = XCBuildConfiguration;
			baseConfigurationReference = 65273438BAF05CCD022E9146 /* Pods-StoryBoardTrainingTests.debug.xcconfig */;
			buildSettings = {
				ALWAYS_EMBED_SWIFT_STANDARD_LIBRARIES = YES;
				BUNDLE_LOADER = "$(TEST_HOST)";
				CODE_SIGN_STYLE = Automatic;
				DEVELOPMENT_TEAM = NKLMM8NS64;
				INFOPLIST_FILE = StoryBoardTrainingTests/Info.plist;
				IPHONEOS_DEPLOYMENT_TARGET = 14.5;
				LD_RUNPATH_SEARCH_PATHS = (
					"$(inherited)",
					"@executable_path/Frameworks",
					"@loader_path/Frameworks",
				);
				PRODUCT_BUNDLE_IDENTIFIER = com.gmail.yu.j.0513.StoryBoardTrainingTests;
				PRODUCT_NAME = "$(TARGET_NAME)";
				SWIFT_VERSION = 5.0;
				TARGETED_DEVICE_FAMILY = "1,2";
				TEST_HOST = "$(BUILT_PRODUCTS_DIR)/StoryBoardTraining.app/StoryBoardTraining";
			};
			name = Debug;
		};
		28ACA731263FC4750068F46A /* Release */ = {
			isa = XCBuildConfiguration;
			baseConfigurationReference = E34FD68DB30202BADF146CA7 /* Pods-StoryBoardTrainingTests.release.xcconfig */;
			buildSettings = {
				ALWAYS_EMBED_SWIFT_STANDARD_LIBRARIES = YES;
				BUNDLE_LOADER = "$(TEST_HOST)";
				CODE_SIGN_STYLE = Automatic;
				DEVELOPMENT_TEAM = NKLMM8NS64;
				INFOPLIST_FILE = StoryBoardTrainingTests/Info.plist;
				IPHONEOS_DEPLOYMENT_TARGET = 14.5;
				LD_RUNPATH_SEARCH_PATHS = (
					"$(inherited)",
					"@executable_path/Frameworks",
					"@loader_path/Frameworks",
				);
				PRODUCT_BUNDLE_IDENTIFIER = com.gmail.yu.j.0513.StoryBoardTrainingTests;
				PRODUCT_NAME = "$(TARGET_NAME)";
				SWIFT_VERSION = 5.0;
				TARGETED_DEVICE_FAMILY = "1,2";
				TEST_HOST = "$(BUILT_PRODUCTS_DIR)/StoryBoardTraining.app/StoryBoardTraining";
			};
			name = Release;
		};
		28ACA733263FC4750068F46A /* Debug */ = {
			isa = XCBuildConfiguration;
			baseConfigurationReference = 940C55FF7FFDC0F16DADC545 /* Pods-StoryBoardTraining-StoryBoardTrainingUITests.debug.xcconfig */;
			buildSettings = {
				ALWAYS_EMBED_SWIFT_STANDARD_LIBRARIES = YES;
				CODE_SIGN_STYLE = Automatic;
				DEVELOPMENT_TEAM = NKLMM8NS64;
				INFOPLIST_FILE = StoryBoardTrainingUITests/Info.plist;
				LD_RUNPATH_SEARCH_PATHS = (
					"$(inherited)",
					"@executable_path/Frameworks",
					"@loader_path/Frameworks",
				);
				PRODUCT_BUNDLE_IDENTIFIER = com.gmail.yu.j.0513.StoryBoardTrainingUITests;
				PRODUCT_NAME = "$(TARGET_NAME)";
				SWIFT_VERSION = 5.0;
				TARGETED_DEVICE_FAMILY = "1,2";
				TEST_TARGET_NAME = StoryBoardTraining;
			};
			name = Debug;
		};
		28ACA734263FC4750068F46A /* Release */ = {
			isa = XCBuildConfiguration;
			baseConfigurationReference = 55BF444BAC4F5218C0223294 /* Pods-StoryBoardTraining-StoryBoardTrainingUITests.release.xcconfig */;
			buildSettings = {
				ALWAYS_EMBED_SWIFT_STANDARD_LIBRARIES = YES;
				CODE_SIGN_STYLE = Automatic;
				DEVELOPMENT_TEAM = NKLMM8NS64;
				INFOPLIST_FILE = StoryBoardTrainingUITests/Info.plist;
				LD_RUNPATH_SEARCH_PATHS = (
					"$(inherited)",
					"@executable_path/Frameworks",
					"@loader_path/Frameworks",
				);
				PRODUCT_BUNDLE_IDENTIFIER = com.gmail.yu.j.0513.StoryBoardTrainingUITests;
				PRODUCT_NAME = "$(TARGET_NAME)";
				SWIFT_VERSION = 5.0;
				TARGETED_DEVICE_FAMILY = "1,2";
				TEST_TARGET_NAME = StoryBoardTraining;
			};
			name = Release;
		};
/* End XCBuildConfiguration section */

/* Begin XCConfigurationList section */
		28ACA6FD263FC4730068F46A /* Build configuration list for PBXProject "StoryBoardTraining" */ = {
			isa = XCConfigurationList;
			buildConfigurations = (
				28ACA72A263FC4750068F46A /* Debug */,
				28ACA72B263FC4750068F46A /* Release */,
			);
			defaultConfigurationIsVisible = 0;
			defaultConfigurationName = Release;
		};
		28ACA72C263FC4750068F46A /* Build configuration list for PBXNativeTarget "StoryBoardTraining" */ = {
			isa = XCConfigurationList;
			buildConfigurations = (
				28ACA72D263FC4750068F46A /* Debug */,
				28ACA72E263FC4750068F46A /* Release */,
			);
			defaultConfigurationIsVisible = 0;
			defaultConfigurationName = Release;
		};
		28ACA72F263FC4750068F46A /* Build configuration list for PBXNativeTarget "StoryBoardTrainingTests" */ = {
			isa = XCConfigurationList;
			buildConfigurations = (
				28ACA730263FC4750068F46A /* Debug */,
				28ACA731263FC4750068F46A /* Release */,
			);
			defaultConfigurationIsVisible = 0;
			defaultConfigurationName = Release;
		};
		28ACA732263FC4750068F46A /* Build configuration list for PBXNativeTarget "StoryBoardTrainingUITests" */ = {
			isa = XCConfigurationList;
			buildConfigurations = (
				28ACA733263FC4750068F46A /* Debug */,
				28ACA734263FC4750068F46A /* Release */,
			);
			defaultConfigurationIsVisible = 0;
			defaultConfigurationName = Release;
		};
/* End XCConfigurationList section */

/* Begin XCRemoteSwiftPackageReference section */
		2811C3AC2644259A0007CA40 /* XCRemoteSwiftPackageReference "ios-training" */ = {
			isa = XCRemoteSwiftPackageReference;
			repositoryURL = "https://github.com/yumemi-inc/ios-training.git";
			requirement = {
				kind = upToNextMajorVersion;
				minimumVersion = 1.0.4;
			};
		};
/* End XCRemoteSwiftPackageReference section */

/* Begin XCSwiftPackageProductDependency section */
		2811C3AD2644259A0007CA40 /* YumemiWeather */ = {
			isa = XCSwiftPackageProductDependency;
			package = 2811C3AC2644259A0007CA40 /* XCRemoteSwiftPackageReference "ios-training" */;
			productName = YumemiWeather;
		};
/* End XCSwiftPackageProductDependency section */
	};
	rootObject = 28ACA6FA263FC4730068F46A /* Project object */;
}
